version = 1
revision = 5
requires-python = ">=3.13"

[[package]]
name = "boot-dev"
version = "0.1.0"
source = { editable = "." }
dependencies = [
    { name = "prettier" },
]

[package.metadata]
requires-dist = [{ name = "prettier", specifier = ">=0.0.7" }]

[[package]]
name = "prettier"
version = "0.0.7"
source = { registry = "https://pypi.org/simple" }
sdist = { url = "https://files.pythonhosted.org/packages/c9/0e/a3375ca8f83f03662f22cbfee801badc4e4da19e4c06ade5ccfab4297678/prettier-0.0.7.tar.gz", hash = "sha256:6c34b8cd09fd9c8956c05d6395ea3f575e0122dce494ba57685c07065abed427", size = 16124, upload-time = "2022-04-27T09:06:51.62Z" }
wheels = [
    { url = "https://files.pythonhosted.org/packages/f2/cf/c401d2af75c2c271375bbe3654e408af2c296650f88b8b3d3942e3c8b63e/prettier-0.0.7-py3-none-any.whl", hash = "sha256:20e76791de41cafe481328dd49552303f29ca192151cee1b120c26f66cae9bfc", size = 16260, upload-time = "2022-04-27T09:06:50.104Z" },
]
